
Microsoft Visual Studio Solution File, Format Version 12.00
# Visual Studio Version 17
VisualStudioVersion = 17.0.31903.59
MinimumVisualStudioVersion = 10.0.40219.1
Project("{FAE04EC0-301F-11D3-BF4B-00C04F79EFBC}") = "FileSorting", "FileSortingCore\FileSorting.csproj", "{0A8E4629-728D-44EC-9EDE-49754F88856B}"
EndProject
Project("{FAE04EC0-301F-11D3-BF4B-00C04F79EFBC}") = "FileSortingConsole", "FileSortingConsole\FileSortingConsole.csproj", "{8F2F1ABD-F0C4-4E7F-A3CF-1EE5F3DBCC2B}"
EndProject
Global
	GlobalSection(SolutionConfigurationPlatforms) = preSolution
		Debug|Any CPU = Debug|Any CPU
		Release|Any CPU = Release|Any CPU
	EndGlobalSection
	GlobalSection(SolutionProperties) = preSolution
		HideSolutionNode = FALSE
	EndGlobalSection
	GlobalSection(ProjectConfigurationPlatforms) = postSolution
		{0A8E4629-728D-44EC-9EDE-49754F88856B}.Debug|Any CPU.ActiveCfg = Debug|Any CPU
		{0A8E4629-728D-44EC-9EDE-49754F88856B}.Debug|Any CPU.Build.0 = Debug|Any CPU
		{0A8E4629-728D-44EC-9EDE-49754F88856B}.Release|Any CPU.ActiveCfg = Release|Any CPU
		{0A8E4629-728D-44EC-9EDE-49754F88856B}.Release|Any CPU.Build.0 = Release|Any CPU
		{8F2F1ABD-F0C4-4E7F-A3CF-1EE5F3DBCC2B}.Debug|Any CPU.ActiveCfg = Debug|Any CPU
		{8F2F1ABD-F0C4-4E7F-A3CF-1EE5F3DBCC2B}.Debug|Any CPU.Build.0 = Debug|Any CPU
		{8F2F1ABD-F0C4-4E7F-A3CF-1EE5F3DBCC2B}.Release|Any CPU.ActiveCfg = Release|Any CPU
		{8F2F1ABD-F0C4-4E7F-A3CF-1EE5F3DBCC2B}.Release|Any CPU.Build.0 = Release|Any CPU
	EndGlobalSection
EndGlobal
